
Microsoft Visual Studio Solution File, Format Version 12.00
# Visual Studio 15
Project("{FAE04EC0-301F-11D3-BF4B-00C04F79EFBC}") = "Unity.Timeline", "Unity.Timeline.csproj", "{22BD642D-DF32-4F08-0898-D73564206060}"
EndProject
Project("{FAE04EC0-301F-11D3-BF4B-00C04F79EFBC}") = "Unity.Timeline.Editor", "Unity.Timeline.Editor.csproj", "{A399B535-2388-1838-DB59-4D3570F6BBCE}"
EndProject
Project("{FAE04EC0-301F-11D3-BF4B-00C04F79EFBC}") = "Unity.Mobile.AndroidLogcat.Editor", "Unity.Mobile.AndroidLogcat.Editor.csproj", "{72727898-787F-3A15-E049-0AD07195A6DD}"
EndProject
Project("{FAE04EC0-301F-11D3-BF4B-00C04F79EFBC}") = "Unity.TextMeshPro.Editor", "Unity.TextMeshPro.Editor.csproj", "{FF8E0F96-F618-D440-8EC8-052E26D631A1}"
EndProject
Project("{FAE04EC0-301F-11D3-BF4B-00C04F79EFBC}") = "Unity.VisualScripting.Flow", "Unity.VisualScripting.Flow.csproj", "{45785FDE-9415-3892-7626-E7172C2995CF}"
EndProject
Project("{FAE04EC0-301F-11D3-BF4B-00C04F79EFBC}") = "Assembly-CSharp", "Assembly-CSharp.csproj", "{258E0145-06C3-6C5D-DA79-3DB2172EE725}"
EndProject
Project("{FAE04EC0-301F-11D3-BF4B-00C04F79EFBC}") = "UnityEditor.UI", "UnityEditor.UI.csproj", "{85DB88B4-834F-E3C1-980A-313A1CE2F604}"
EndProject
Project("{FAE04EC0-301F-11D3-BF4B-00C04F79EFBC}") = "Unity.PlasticSCM.Editor", "Unity.PlasticSCM.Editor.csproj", "{B05D52AD-DCEE-B544-2BC1-5C9B54B56E27}"
EndProject
Project("{FAE04EC0-301F-11D3-BF4B-00C04F79EFBC}") = "Unity.AdaptivePerformance", "Unity.AdaptivePerformance.csproj", "{8DBB3DED-6165-A4CF-3999-28A0BD7050DE}"
EndProject
Project("{FAE04EC0-301F-11D3-BF4B-00C04F79EFBC}") = "Unity.VisualScripting.Core", "Unity.VisualScripting.Core.csproj", "{1ED9CB9D-8E2C-94E0-9306-9C313CA219B7}"
EndProject
Project("{FAE04EC0-301F-11D3-BF4B-00C04F79EFBC}") = "Unity.VisualScripting.Core.Editor", "Unity.VisualScripting.Core.Editor.csproj", "{FBEA7579-01A6-D8B6-BEF6-E784E628A154}"
EndProject
Project("{FAE04EC0-301F-11D3-BF4B-00C04F79EFBC}") = "Unity.VisualScripting.Flow.Editor", "Unity.VisualScripting.Flow.Editor.csproj", "{FD393A4B-5FCF-D98A-B491-3EE589B45498}"
EndProject
Project("{FAE04EC0-301F-11D3-BF4B-00C04F79EFBC}") = "UnityEditor.TestRunner", "UnityEditor.TestRunner.csproj", "{841E7ABD-AEF7-9A9A-033C-0DD08AC22486}"
EndProject
Project("{FAE04EC0-301F-11D3-BF4B-00C04F79EFBC}") = "Unity.VisualScripting.SettingsProvider.Editor", "Unity.VisualScripting.SettingsProvider.Editor.csproj", "{C0E05F26-EC76-C336-4047-00942EEF4964}"
EndProject
Project("{FAE04EC0-301F-11D3-BF4B-00C04F79EFBC}") = "UnityEngine.TestRunner", "UnityEngine.TestRunner.csproj", "{E8A66C3E-B8F8-BE2E-3AF8-3B514993AFF6}"
EndProject
Project("{FAE04EC0-301F-11D3-BF4B-00C04F79EFBC}") = "UnityEngine.UI", "UnityEngine.UI.csproj", "{59B9423A-DE86-E16F-A503-A46D1E968498}"
EndProject
Project("{FAE04EC0-301F-11D3-BF4B-00C04F79EFBC}") = "Unity.VisualStudio.Editor", "Unity.VisualStudio.Editor.csproj", "{905F9974-9558-AA73-AD2D-A52E05B1E9D9}"
EndProject
Project("{FAE04EC0-301F-11D3-BF4B-00C04F79EFBC}") = "Unity.Rider.Editor", "Unity.Rider.Editor.csproj", "{3E612D5D-C7D5-04D9-80B4-979681B6AEB0}"
EndProject
Project("{FAE04EC0-301F-11D3-BF4B-00C04F79EFBC}") = "Unity.Notifications.Android", "Unity.Notifications.Android.csproj", "{0994BC36-5B52-E0AC-273C-04534CB0F04B}"
EndProject
Project("{FAE04EC0-301F-11D3-BF4B-00C04F79EFBC}") = "Unity.VisualScripting.State.Editor", "Unity.VisualScripting.State.Editor.csproj", "{0B74EAB8-321B-C6B5-88F1-169F8C612886}"
EndProject
Project("{FAE04EC0-301F-11D3-BF4B-00C04F79EFBC}") = "Unity.Notifications", "Unity.Notifications.csproj", "{79F65345-A539-69B2-04FE-5E6AB43C6FE8}"
EndProject
Project("{FAE04EC0-301F-11D3-BF4B-00C04F79EFBC}") = "Unity.VisualScripting.State", "Unity.VisualScripting.State.csproj", "{49629941-F1BB-81CE-17EE-416BAF995DB9}"
EndProject
Project("{FAE04EC0-301F-11D3-BF4B-00C04F79EFBC}") = "Unity.TextMeshPro", "Unity.TextMeshPro.csproj", "{335FCCBC-CBB7-3D36-F591-7EC7DD1A3DEE}"
EndProject
Project("{FAE04EC0-301F-11D3-BF4B-00C04F79EFBC}") = "Unity.VSCode.Editor", "Unity.VSCode.Editor.csproj", "{39E83117-042F-E38F-AD90-BC188C5CD2DB}"
EndProject
Project("{FAE04EC0-301F-11D3-BF4B-00C04F79EFBC}") = "Unity.Notifications.iOS", "Unity.Notifications.iOS.csproj", "{C6549DA9-3414-85DE-2512-228AFD99B0D1}"
EndProject
Project("{FAE04EC0-301F-11D3-BF4B-00C04F79EFBC}") = "Unity.AdaptivePerformance.Profiler.Editor", "Unity.AdaptivePerformance.Profiler.Editor.csproj", "{57801409-F363-31B9-3DEC-42900DEE2D1C}"
EndProject
Project("{FAE04EC0-301F-11D3-BF4B-00C04F79EFBC}") = "Unity.AdaptivePerformance.UI.Editor", "Unity.AdaptivePerformance.UI.Editor.csproj", "{F44847F4-1B84-0750-BBF6-714D5F4FA484}"
EndProject
Project("{FAE04EC0-301F-11D3-BF4B-00C04F79EFBC}") = "Unity.Notifications.Unified", "Unity.Notifications.Unified.csproj", "{C45AE7C3-80E1-F6BF-382D-E9911A9B12CA}"
EndProject
Project("{FAE04EC0-301F-11D3-BF4B-00C04F79EFBC}") = "Unity.AdaptivePerformance.Editor", "Unity.AdaptivePerformance.Editor.csproj", "{70BBED83-3EF7-0868-514C-A1D79DA50C0B}"
EndProject
Project("{FAE04EC0-301F-11D3-BF4B-00C04F79EFBC}") = "Unity.AdaptivePerformance.Simulator.Extension", "Unity.AdaptivePerformance.Simulator.Extension.csproj", "{49835DA5-5908-9C57-5A9B-FA51FAE5D3EB}"
EndProject
Project("{FAE04EC0-301F-11D3-BF4B-00C04F79EFBC}") = "Unity.Profiling.Core", "Unity.Profiling.Core.csproj", "{4D92E553-7C77-7518-727C-53C4E84C6149}"
EndProject
Project("{FAE04EC0-301F-11D3-BF4B-00C04F79EFBC}") = "Unity.AdaptivePerformance.Simulator.Editor", "Unity.AdaptivePerformance.Simulator.Editor.csproj", "{DDDF712A-232F-7C8D-3D21-595287DD1D53}"
EndProject
Project("{FAE04EC0-301F-11D3-BF4B-00C04F79EFBC}") = "Unity.Subsystem.Registration", "Unity.Subsystem.Registration.csproj", "{A4EAD161-6B88-9634-A537-E206A1E70849}"
EndProject
Project("{FAE04EC0-301F-11D3-BF4B-00C04F79EFBC}") = "Unity.VisualScripting.Shared.Editor", "Unity.VisualScripting.Shared.Editor.csproj", "{6DE504BF-3F4E-76CD-4AAC-156EC8B6794C}"
EndProject
Project("{FAE04EC0-301F-11D3-BF4B-00C04F79EFBC}") = "Unity.CollabProxy.Editor", "Unity.CollabProxy.Editor.csproj", "{904524B5-9476-34DB-88FB-C0AFB4550EA8}"
EndProject
Global
	GlobalSection(SolutionConfigurationPlatforms) = preSolution
		Debug|Any CPU = Debug|Any CPU
		Release|Any CPU = Release|Any CPU
	EndGlobalSection
	GlobalSection(ProjectConfigurationPlatforms) = postSolution
		{22BD642D-DF32-4F08-0898-D73564206060}.Debug|Any CPU.ActiveCfg = Debug|Any CPU
		{22BD642D-DF32-4F08-0898-D73564206060}.Debug|Any CPU.Build.0 = Debug|Any CPU
		{22BD642D-DF32-4F08-0898-D73564206060}.Release|Any CPU.ActiveCfg = Release|Any CPU
		{22BD642D-DF32-4F08-0898-D73564206060}.Release|Any CPU.Build.0 = Release|Any CPU
		{A399B535-2388-1838-DB59-4D3570F6BBCE}.Debug|Any CPU.ActiveCfg = Debug|Any CPU
		{A399B535-2388-1838-DB59-4D3570F6BBCE}.Debug|Any CPU.Build.0 = Debug|Any CPU
		{A399B535-2388-1838-DB59-4D3570F6BBCE}.Release|Any CPU.ActiveCfg = Release|Any CPU
		{A399B535-2388-1838-DB59-4D3570F6BBCE}.Release|Any CPU.Build.0 = Release|Any CPU
		{72727898-787F-3A15-E049-0AD07195A6DD}.Debug|Any CPU.ActiveCfg = Debug|Any CPU
		{72727898-787F-3A15-E049-0AD07195A6DD}.Debug|Any CPU.Build.0 = Debug|Any CPU
		{72727898-787F-3A15-E049-0AD07195A6DD}.Release|Any CPU.ActiveCfg = Release|Any CPU
		{72727898-787F-3A15-E049-0AD07195A6DD}.Release|Any CPU.Build.0 = Release|Any CPU
		{FF8E0F96-F618-D440-8EC8-052E26D631A1}.Debug|Any CPU.ActiveCfg = Debug|Any CPU
		{FF8E0F96-F618-D440-8EC8-052E26D631A1}.Debug|Any CPU.Build.0 = Debug|Any CPU
		{FF8E0F96-F618-D440-8EC8-052E26D631A1}.Release|Any CPU.ActiveCfg = Release|Any CPU
		{FF8E0F96-F618-D440-8EC8-052E26D631A1}.Release|Any CPU.Build.0 = Release|Any CPU
		{45785FDE-9415-3892-7626-E7172C2995CF}.Debug|Any CPU.ActiveCfg = Debug|Any CPU
		{45785FDE-9415-3892-7626-E7172C2995CF}.Debug|Any CPU.Build.0 = Debug|Any CPU
		{45785FDE-9415-3892-7626-E7172C2995CF}.Release|Any CPU.ActiveCfg = Release|Any CPU
		{45785FDE-9415-3892-7626-E7172C2995CF}.Release|Any CPU.Build.0 = Release|Any CPU
		{258E0145-06C3-6C5D-DA79-3DB2172EE725}.Debug|Any CPU.ActiveCfg = Debug|Any CPU
		{258E0145-06C3-6C5D-DA79-3DB2172EE725}.Debug|Any CPU.Build.0 = Debug|Any CPU
		{258E0145-06C3-6C5D-DA79-3DB2172EE725}.Release|Any CPU.ActiveCfg = Release|Any CPU
		{258E0145-06C3-6C5D-DA79-3DB2172EE725}.Release|Any CPU.Build.0 = Release|Any CPU
		{85DB88B4-834F-E3C1-980A-313A1CE2F604}.Debug|Any CPU.ActiveCfg = Debug|Any CPU
		{85DB88B4-834F-E3C1-980A-313A1CE2F604}.Debug|Any CPU.Build.0 = Debug|Any CPU
		{85DB88B4-834F-E3C1-980A-313A1CE2F604}.Release|Any CPU.ActiveCfg = Release|Any CPU
		{85DB88B4-834F-E3C1-980A-313A1CE2F604}.Release|Any CPU.Build.0 = Release|Any CPU
		{B05D52AD-DCEE-B544-2BC1-5C9B54B56E27}.Debug|Any CPU.ActiveCfg = Debug|Any CPU
		{B05D52AD-DCEE-B544-2BC1-5C9B54B56E27}.Debug|Any CPU.Build.0 = Debug|Any CPU
		{B05D52AD-DCEE-B544-2BC1-5C9B54B56E27}.Release|Any CPU.ActiveCfg = Release|Any CPU
		{B05D52AD-DCEE-B544-2BC1-5C9B54B56E27}.Release|Any CPU.Build.0 = Release|Any CPU
		{8DBB3DED-6165-A4CF-3999-28A0BD7050DE}.Debug|Any CPU.ActiveCfg = Debug|Any CPU
		{8DBB3DED-6165-A4CF-3999-28A0BD7050DE}.Debug|Any CPU.Build.0 = Debug|Any CPU
		{8DBB3DED-6165-A4CF-3999-28A0BD7050DE}.Release|Any CPU.ActiveCfg = Release|Any CPU
		{8DBB3DED-6165-A4CF-3999-28A0BD7050DE}.Release|Any CPU.Build.0 = Release|Any CPU
		{1ED9CB9D-8E2C-94E0-9306-9C313CA219B7}.Debug|Any CPU.ActiveCfg = Debug|Any CPU
		{1ED9CB9D-8E2C-94E0-9306-9C313CA219B7}.Debug|Any CPU.Build.0 = Debug|Any CPU
		{1ED9CB9D-8E2C-94E0-9306-9C313CA219B7}.Release|Any CPU.ActiveCfg = Release|Any CPU
		{1ED9CB9D-8E2C-94E0-9306-9C313CA219B7}.Release|Any CPU.Build.0 = Release|Any CPU
		{FBEA7579-01A6-D8B6-BEF6-E784E628A154}.Debug|Any CPU.ActiveCfg = Debug|Any CPU
		{FBEA7579-01A6-D8B6-BEF6-E784E628A154}.Debug|Any CPU.Build.0 = Debug|Any CPU
		{FBEA7579-01A6-D8B6-BEF6-E784E628A154}.Release|Any CPU.ActiveCfg = Release|Any CPU
		{FBEA7579-01A6-D8B6-BEF6-E784E628A154}.Release|Any CPU.Build.0 = Release|Any CPU
		{FD393A4B-5FCF-D98A-B491-3EE589B45498}.Debug|Any CPU.ActiveCfg = Debug|Any CPU
		{FD393A4B-5FCF-D98A-B491-3EE589B45498}.Debug|Any CPU.Build.0 = Debug|Any CPU
		{FD393A4B-5FCF-D98A-B491-3EE589B45498}.Release|Any CPU.ActiveCfg = Release|Any CPU
		{FD393A4B-5FCF-D98A-B491-3EE589B45498}.Release|Any CPU.Build.0 = Release|Any CPU
		{841E7ABD-AEF7-9A9A-033C-0DD08AC22486}.Debug|Any CPU.ActiveCfg = Debug|Any CPU
		{841E7ABD-AEF7-9A9A-033C-0DD08AC22486}.Debug|Any CPU.Build.0 = Debug|Any CPU
		{841E7ABD-AEF7-9A9A-033C-0DD08AC22486}.Release|Any CPU.ActiveCfg = Release|Any CPU
		{841E7ABD-AEF7-9A9A-033C-0DD08AC22486}.Release|Any CPU.Build.0 = Release|Any CPU
		{C0E05F26-EC76-C336-4047-00942EEF4964}.Debug|Any CPU.ActiveCfg = Debug|Any CPU
		{C0E05F26-EC76-C336-4047-00942EEF4964}.Debug|Any CPU.Build.0 = Debug|Any CPU
		{C0E05F26-EC76-C336-4047-00942EEF4964}.Release|Any CPU.ActiveCfg = Release|Any CPU
		{C0E05F26-EC76-C336-4047-00942EEF4964}.Release|Any CPU.Build.0 = Release|Any CPU
		{E8A66C3E-B8F8-BE2E-3AF8-3B514993AFF6}.Debug|Any CPU.ActiveCfg = Debug|Any CPU
		{E8A66C3E-B8F8-BE2E-3AF8-3B514993AFF6}.Debug|Any CPU.Build.0 = Debug|Any CPU
		{E8A66C3E-B8F8-BE2E-3AF8-3B514993AFF6}.Release|Any CPU.ActiveCfg = Release|Any CPU
		{E8A66C3E-B8F8-BE2E-3AF8-3B514993AFF6}.Release|Any CPU.Build.0 = Release|Any CPU
		{59B9423A-DE86-E16F-A503-A46D1E968498}.Debug|Any CPU.ActiveCfg = Debug|Any CPU
		{59B9423A-DE86-E16F-A503-A46D1E968498}.Debug|Any CPU.Build.0 = Debug|Any CPU
		{59B9423A-DE86-E16F-A503-A46D1E968498}.Release|Any CPU.ActiveCfg = Release|Any CPU
		{59B9423A-DE86-E16F-A503-A46D1E968498}.Release|Any CPU.Build.0 = Release|Any CPU
		{905F9974-9558-AA73-AD2D-A52E05B1E9D9}.Debug|Any CPU.ActiveCfg = Debug|Any CPU
		{905F9974-9558-AA73-AD2D-A52E05B1E9D9}.Debug|Any CPU.Build.0 = Debug|Any CPU
		{905F9974-9558-AA73-AD2D-A52E05B1E9D9}.Release|Any CPU.ActiveCfg = Release|Any CPU
		{905F9974-9558-AA73-AD2D-A52E05B1E9D9}.Release|Any CPU.Build.0 = Release|Any CPU
		{3E612D5D-C7D5-04D9-80B4-979681B6AEB0}.Debug|Any CPU.ActiveCfg = Debug|Any CPU
		{3E612D5D-C7D5-04D9-80B4-979681B6AEB0}.Debug|Any CPU.Build.0 = Debug|Any CPU
		{3E612D5D-C7D5-04D9-80B4-979681B6AEB0}.Release|Any CPU.ActiveCfg = Release|Any CPU
		{3E612D5D-C7D5-04D9-80B4-979681B6AEB0}.Release|Any CPU.Build.0 = Release|Any CPU
		{0994BC36-5B52-E0AC-273C-04534CB0F04B}.Debug|Any CPU.ActiveCfg = Debug|Any CPU
		{0994BC36-5B52-E0AC-273C-04534CB0F04B}.Debug|Any CPU.Build.0 = Debug|Any CPU
		{0994BC36-5B52-E0AC-273C-04534CB0F04B}.Release|Any CPU.ActiveCfg = Release|Any CPU
		{0994BC36-5B52-E0AC-273C-04534CB0F04B}.Release|Any CPU.Build.0 = Release|Any CPU
		{0B74EAB8-321B-C6B5-88F1-169F8C612886}.Debug|Any CPU.ActiveCfg = Debug|Any CPU
		{0B74EAB8-321B-C6B5-88F1-169F8C612886}.Debug|Any CPU.Build.0 = Debug|Any CPU
		{0B74EAB8-321B-C6B5-88F1-169F8C612886}.Release|Any CPU.ActiveCfg = Release|Any CPU
		{0B74EAB8-321B-C6B5-88F1-169F8C612886}.Release|Any CPU.Build.0 = Release|Any CPU
		{79F65345-A539-69B2-04FE-5E6AB43C6FE8}.Debug|Any CPU.ActiveCfg = Debug|Any CPU
		{79F65345-A539-69B2-04FE-5E6AB43C6FE8}.Debug|Any CPU.Build.0 = Debug|Any CPU
		{79F65345-A539-69B2-04FE-5E6AB43C6FE8}.Release|Any CPU.ActiveCfg = Release|Any CPU
		{79F65345-A539-69B2-04FE-5E6AB43C6FE8}.Release|Any CPU.Build.0 = Release|Any CPU
		{49629941-F1BB-81CE-17EE-416BAF995DB9}.Debug|Any CPU.ActiveCfg = Debug|Any CPU
		{49629941-F1BB-81CE-17EE-416BAF995DB9}.Debug|Any CPU.Build.0 = Debug|Any CPU
		{49629941-F1BB-81CE-17EE-416BAF995DB9}.Release|Any CPU.ActiveCfg = Release|Any CPU
		{49629941-F1BB-81CE-17EE-416BAF995DB9}.Release|Any CPU.Build.0 = Release|Any CPU
		{335FCCBC-CBB7-3D36-F591-7EC7DD1A3DEE}.Debug|Any CPU.ActiveCfg = Debug|Any CPU
		{335FCCBC-CBB7-3D36-F591-7EC7DD1A3DEE}.Debug|Any CPU.Build.0 = Debug|Any CPU
		{335FCCBC-CBB7-3D36-F591-7EC7DD1A3DEE}.Release|Any CPU.ActiveCfg = Release|Any CPU
		{335FCCBC-CBB7-3D36-F591-7EC7DD1A3DEE}.Release|Any CPU.Build.0 = Release|Any CPU
		{39E83117-042F-E38F-AD90-BC188C5CD2DB}.Debug|Any CPU.ActiveCfg = Debug|Any CPU
		{39E83117-042F-E38F-AD90-BC188C5CD2DB}.Debug|Any CPU.Build.0 = Debug|Any CPU
		{39E83117-042F-E38F-AD90-BC188C5CD2DB}.Release|Any CPU.ActiveCfg = Release|Any CPU
		{39E83117-042F-E38F-AD90-BC188C5CD2DB}.Release|Any CPU.Build.0 = Release|Any CPU
		{C6549DA9-3414-85DE-2512-228AFD99B0D1}.Debug|Any CPU.ActiveCfg = Debug|Any CPU
		{C6549DA9-3414-85DE-2512-228AFD99B0D1}.Debug|Any CPU.Build.0 = Debug|Any CPU
		{C6549DA9-3414-85DE-2512-228AFD99B0D1}.Release|Any CPU.ActiveCfg = Release|Any CPU
		{C6549DA9-3414-85DE-2512-228AFD99B0D1}.Release|Any CPU.Build.0 = Release|Any CPU
		{57801409-F363-31B9-3DEC-42900DEE2D1C}.Debug|Any CPU.ActiveCfg = Debug|Any CPU
		{57801409-F363-31B9-3DEC-42900DEE2D1C}.Debug|Any CPU.Build.0 = Debug|Any CPU
		{57801409-F363-31B9-3DEC-42900DEE2D1C}.Release|Any CPU.ActiveCfg = Release|Any CPU
		{57801409-F363-31B9-3DEC-42900DEE2D1C}.Release|Any CPU.Build.0 = Release|Any CPU
		{F44847F4-1B84-0750-BBF6-714D5F4FA484}.Debug|Any CPU.ActiveCfg = Debug|Any CPU
		{F44847F4-1B84-0750-BBF6-714D5F4FA484}.Debug|Any CPU.Build.0 = Debug|Any CPU
		{F44847F4-1B84-0750-BBF6-714D5F4FA484}.Release|Any CPU.ActiveCfg = Release|Any CPU
		{F44847F4-1B84-0750-BBF6-714D5F4FA484}.Release|Any CPU.Build.0 = Release|Any CPU
		{C45AE7C3-80E1-F6BF-382D-E9911A9B12CA}.Debug|Any CPU.ActiveCfg = Debug|Any CPU
		{C45AE7C3-80E1-F6BF-382D-E9911A9B12CA}.Debug|Any CPU.Build.0 = Debug|Any CPU
		{C45AE7C3-80E1-F6BF-382D-E9911A9B12CA}.Release|Any CPU.ActiveCfg = Release|Any CPU
		{C45AE7C3-80E1-F6BF-382D-E9911A9B12CA}.Release|Any CPU.Build.0 = Release|Any CPU
		{70BBED83-3EF7-0868-514C-A1D79DA50C0B}.Debug|Any CPU.ActiveCfg = Debug|Any CPU
		{70BBED83-3EF7-0868-514C-A1D79DA50C0B}.Debug|Any CPU.Build.0 = Debug|Any CPU
		{70BBED83-3EF7-0868-514C-A1D79DA50C0B}.Release|Any CPU.ActiveCfg = Release|Any CPU
		{70BBED83-3EF7-0868-514C-A1D79DA50C0B}.Release|Any CPU.Build.0 = Release|Any CPU
		{49835DA5-5908-9C57-5A9B-FA51FAE5D3EB}.Debug|Any CPU.ActiveCfg = Debug|Any CPU
		{49835DA5-5908-9C57-5A9B-FA51FAE5D3EB}.Debug|Any CPU.Build.0 = Debug|Any CPU
		{49835DA5-5908-9C57-5A9B-FA51FAE5D3EB}.Release|Any CPU.ActiveCfg = Release|Any CPU
		{49835DA5-5908-9C57-5A9B-FA51FAE5D3EB}.Release|Any CPU.Build.0 = Release|Any CPU
		{4D92E553-7C77-7518-727C-53C4E84C6149}.Debug|Any CPU.ActiveCfg = Debug|Any CPU
		{4D92E553-7C77-7518-727C-53C4E84C6149}.Debug|Any CPU.Build.0 = Debug|Any CPU
		{4D92E553-7C77-7518-727C-53C4E84C6149}.Release|Any CPU.ActiveCfg = Release|Any CPU
		{4D92E553-7C77-7518-727C-53C4E84C6149}.Release|Any CPU.Build.0 = Release|Any CPU
		{DDDF712A-232F-7C8D-3D21-595287DD1D53}.Debug|Any CPU.ActiveCfg = Debug|Any CPU
		{DDDF712A-232F-7C8D-3D21-595287DD1D53}.Debug|Any CPU.Build.0 = Debug|Any CPU
		{DDDF712A-232F-7C8D-3D21-595287DD1D53}.Release|Any CPU.ActiveCfg = Release|Any CPU
		{DDDF712A-232F-7C8D-3D21-595287DD1D53}.Release|Any CPU.Build.0 = Release|Any CPU
		{A4EAD161-6B88-9634-A537-E206A1E70849}.Debug|Any CPU.ActiveCfg = Debug|Any CPU
		{A4EAD161-6B88-9634-A537-E206A1E70849}.Debug|Any CPU.Build.0 = Debug|Any CPU
		{A4EAD161-6B88-9634-A537-E206A1E70849}.Release|Any CPU.ActiveCfg = Release|Any CPU
		{A4EAD161-6B88-9634-A537-E206A1E70849}.Release|Any CPU.Build.0 = Release|Any CPU
		{6DE504BF-3F4E-76CD-4AAC-156EC8B6794C}.Debug|Any CPU.ActiveCfg = Debug|Any CPU
		{6DE504BF-3F4E-76CD-4AAC-156EC8B6794C}.Debug|Any CPU.Build.0 = Debug|Any CPU
		{6DE504BF-3F4E-76CD-4AAC-156EC8B6794C}.Release|Any CPU.ActiveCfg = Release|Any CPU
		{6DE504BF-3F4E-76CD-4AAC-156EC8B6794C}.Release|Any CPU.Build.0 = Release|Any CPU
		{904524B5-9476-34DB-88FB-C0AFB4550EA8}.Debug|Any CPU.ActiveCfg = Debug|Any CPU
		{904524B5-9476-34DB-88FB-C0AFB4550EA8}.Debug|Any CPU.Build.0 = Debug|Any CPU
		{904524B5-9476-34DB-88FB-C0AFB4550EA8}.Release|Any CPU.ActiveCfg = Release|Any CPU
		{904524B5-9476-34DB-88FB-C0AFB4550EA8}.Release|Any CPU.Build.0 = Release|Any CPU
	EndGlobalSection
	GlobalSection(SolutionProperties) = preSolution
		HideSolutionNode = FALSE
	EndGlobalSection
EndGlobal
